
Microsoft Visual Studio Solution File, Format Version 12.00
# Visual Studio Version 17
VisualStudioVersion = 17.11.35431.28
MinimumVisualStudioVersion = 10.0.40219.1
Project("{F2A71F9B-5D33-465A-A702-920D77279786}") = "AdventOfCode", "AdventOfCode\AdventOfCode.fsproj", "{9B29C8F2-A14E-4F02-8F83-1CEFDF3B8AB3}"
EndProject
Global
	GlobalSection(SolutionConfigurationPlatforms) = preSolution
		Debug|Any CPU = Debug|Any CPU
		Release|Any CPU = Release|Any CPU
	EndGlobalSection
	GlobalSection(ProjectConfigurationPlatforms) = postSolution
		{9B29C8F2-A14E-4F02-8F83-1CEFDF3B8AB3}.Debug|Any CPU.ActiveCfg = Debug|Any CPU
		{9B29C8F2-A14E-4F02-8F83-1CEFDF3B8AB3}.Debug|Any CPU.Build.0 = Debug|Any CPU
		{9B29C8F2-A14E-4F02-8F83-1CEFDF3B8AB3}.Release|Any CPU.ActiveCfg = Release|Any CPU
		{9B29C8F2-A14E-4F02-8F83-1CEFDF3B8AB3}.Release|Any CPU.Build.0 = Release|Any CPU
	EndGlobalSection
	GlobalSection(SolutionProperties) = preSolution
		HideSolutionNode = FALSE
	EndGlobalSection
	GlobalSection(ExtensibilityGlobals) = postSolution
		SolutionGuid = {2FA473BC-B48E-42C4-9188-CF73E92C9D85}
	EndGlobalSection
EndGlobal
